github.com/Yiming1997/BigbugsWechatUtils v0.1.0 h1:vbAuMhlhYBGSyEFLXYETdGRuP0ZxDWBJMA1G8cFVsLo=
github.com/Yiming1997/BigbugsWechatUtils v0.1.0/go.mod h1:hLPsPtwtwrJrsAmvgUBc+l5FW5olqmuEi0fMgcdFHVg=
github.com/golang/glog v1.0.0 h1:nfP3RFugxnNRyKgeWd4oI1nYvXpxrx8ck8ZrcizshdQ=
github.com/golang/glog v1.0.0/go.mod h1:EWib/APOK0SL3dFbYqvxE3UYd8E6s1ouQ7iEp/0LWV4=
